
Microsoft Visual Studio Solution File, Format Version 12.00
# Visual Studio Version 16
VisualStudioVersion = 16.0.30717.126
MinimumVisualStudioVersion = 10.0.40219.1
Project("{9A19103F-16F7-4668-BE54-9A1E7A4F7556}") = "Api", "Api\Api.csproj", "{FB3EA8F1-16B0-4867-9FD8-40F93A3A5FDB}"
EndProject
Project("{2150E333-8FDC-42A3-9474-1A3956D46DE8}") = "Components", "Components", "{B84CC6DA-3D6A-4816-B7DA-158ECCF6F0A6}"
EndProject
Project("{9A19103F-16F7-4668-BE54-9A1E7A4F7556}") = "WeatherForecast", "Components\WeatherForecast\WeatherForecast.csproj", "{D908841C-BA94-4675-BC85-D6B09E8D7778}"
EndProject
Project("{9A19103F-16F7-4668-BE54-9A1E7A4F7556}") = "Calculator", "Components\Calculator\Calculator.csproj", "{D6649391-AF3D-469F-BB4A-589512F49060}"
EndProject
Global
	GlobalSection(SolutionConfigurationPlatforms) = preSolution
		Debug|Any CPU = Debug|Any CPU
		Release|Any CPU = Release|Any CPU
	EndGlobalSection
	GlobalSection(ProjectConfigurationPlatforms) = postSolution
		{FB3EA8F1-16B0-4867-9FD8-40F93A3A5FDB}.Debug|Any CPU.ActiveCfg = Debug|Any CPU
		{FB3EA8F1-16B0-4867-9FD8-40F93A3A5FDB}.Debug|Any CPU.Build.0 = Debug|Any CPU
		{FB3EA8F1-16B0-4867-9FD8-40F93A3A5FDB}.Release|Any CPU.ActiveCfg = Release|Any CPU
		{FB3EA8F1-16B0-4867-9FD8-40F93A3A5FDB}.Release|Any CPU.Build.0 = Release|Any CPU
		{D908841C-BA94-4675-BC85-D6B09E8D7778}.Debug|Any CPU.ActiveCfg = Debug|Any CPU
		{D908841C-BA94-4675-BC85-D6B09E8D7778}.Debug|Any CPU.Build.0 = Debug|Any CPU
		{D908841C-BA94-4675-BC85-D6B09E8D7778}.Release|Any CPU.ActiveCfg = Release|Any CPU
		{D908841C-BA94-4675-BC85-D6B09E8D7778}.Release|Any CPU.Build.0 = Release|Any CPU
		{D6649391-AF3D-469F-BB4A-589512F49060}.Debug|Any CPU.ActiveCfg = Debug|Any CPU
		{D6649391-AF3D-469F-BB4A-589512F49060}.Debug|Any CPU.Build.0 = Debug|Any CPU
		{D6649391-AF3D-469F-BB4A-589512F49060}.Release|Any CPU.ActiveCfg = Release|Any CPU
		{D6649391-AF3D-469F-BB4A-589512F49060}.Release|Any CPU.Build.0 = Release|Any CPU
	EndGlobalSection
	GlobalSection(SolutionProperties) = preSolution
		HideSolutionNode = FALSE
	EndGlobalSection
	GlobalSection(NestedProjects) = preSolution
		{D908841C-BA94-4675-BC85-D6B09E8D7778} = {B84CC6DA-3D6A-4816-B7DA-158ECCF6F0A6}
		{D6649391-AF3D-469F-BB4A-589512F49060} = {B84CC6DA-3D6A-4816-B7DA-158ECCF6F0A6}
	EndGlobalSection
	GlobalSection(ExtensibilityGlobals) = postSolution
		SolutionGuid = {16BFE000-851D-4F99-9D5D-530F4217B786}
	EndGlobalSection
EndGlobal
